// !$*UTF8*$!
{
	archiveVersion = 1;
	classes = {
	};
	objectVersion = 56;
	objects = {

/* Begin PBXBuildFile section */
		8E1D0E852C0CCE0400C2BC5B /* AppDelegate.swift in Sources */ = {isa = PBXBuildFile; fileRef = 8E1D0E842C0CCE0400C2BC5B /* AppDelegate.swift */; };
		8E1D0E872C0CCE0400C2BC5B /* SceneDelegate.swift in Sources */ = {isa = PBXBuildFile; fileRef = 8E1D0E862C0CCE0400C2BC5B /* SceneDelegate.swift */; };
		8E1D0E892C0CCE0400C2BC5B /* SearchForTicketsViewController.swift in Sources */ = {isa = PBXBuildFile; fileRef = 8E1D0E882C0CCE0400C2BC5B /* SearchForTicketsViewController.swift */; };
		8E1D0E8F2C0CCE0400C2BC5B /* SkyQuest.xcdatamodeld in Sources */ = {isa = PBXBuildFile; fileRef = 8E1D0E8D2C0CCE0400C2BC5B /* SkyQuest.xcdatamodeld */; };
		8E1D0E912C0CCE0900C2BC5B /* Assets.xcassets in Resources */ = {isa = PBXBuildFile; fileRef = 8E1D0E902C0CCE0900C2BC5B /* Assets.xcassets */; };
		8E1D0E942C0CCE0900C2BC5B /* LaunchScreen.storyboard in Resources */ = {isa = PBXBuildFile; fileRef = 8E1D0E922C0CCE0900C2BC5B /* LaunchScreen.storyboard */; };
		8E1D0E9C2C0CDBAB00C2BC5B /* FavoritesViewController.swift in Sources */ = {isa = PBXBuildFile; fileRef = 8E1D0E9B2C0CDBAB00C2BC5B /* FavoritesViewController.swift */; };
		8E1D0E9E2C0FACEA00C2BC5B /* FlightsModel.swift in Sources */ = {isa = PBXBuildFile; fileRef = 8E1D0E9D2C0FACEA00C2BC5B /* FlightsModel.swift */; };
		8E1D0EA02C10F7A100C2BC5B /* NetworkManager.swift in Sources */ = {isa = PBXBuildFile; fileRef = 8E1D0E9F2C10F7A100C2BC5B /* NetworkManager.swift */; };
		8E1D0EA22C12022B00C2BC5B /* FlightTableViewCell.swift in Sources */ = {isa = PBXBuildFile; fileRef = 8E1D0EA12C12022B00C2BC5B /* FlightTableViewCell.swift */; };
		8E1D0EA42C12085000C2BC5B /* SearchResultsController.swift in Sources */ = {isa = PBXBuildFile; fileRef = 8E1D0EA32C12085000C2BC5B /* SearchResultsController.swift */; };
		8E1D0EA82C13514700C2BC5B /* DateTimeModel.swift in Sources */ = {isa = PBXBuildFile; fileRef = 8E1D0EA72C13514700C2BC5B /* DateTimeModel.swift */; };
		8E1D0EAA2C17645600C2BC5B /* AeroportsCodes.swift in Sources */ = {isa = PBXBuildFile; fileRef = 8E1D0EA92C17645600C2BC5B /* AeroportsCodes.swift */; };
		8E1D0EB62C1B4CA600C2BC5B /* CoreDataManager.swift in Sources */ = {isa = PBXBuildFile; fileRef = 8E1D0EB52C1B4CA600C2BC5B /* CoreDataManager.swift */; };
		8E1D0EB92C1B51A300C2BC5B /* FlightsInfoEntity+CoreDataClass.swift in Sources */ = {isa = PBXBuildFile; fileRef = 8E1D0EB72C1B51A300C2BC5B /* FlightsInfoEntity+CoreDataClass.swift */; };
		8E1D0EBA2C1B51A300C2BC5B /* FlightsInfoEntity+CoreDataProperties.swift in Sources */ = {isa = PBXBuildFile; fileRef = 8E1D0EB82C1B51A300C2BC5B /* FlightsInfoEntity+CoreDataProperties.swift */; };
/* End PBXBuildFile section */

/* Begin PBXFileReference section */
		8E1D0E812C0CCE0400C2BC5B /* SkyQuest.app */ = {isa = PBXFileReference; explicitFileType = wrapper.application; includeInIndex = 0; path = SkyQuest.app; sourceTree = BUILT_PRODUCTS_DIR; };
		8E1D0E842C0CCE0400C2BC5B /* AppDelegate.swift */ = {isa = PBXFileReference; lastKnownFileType = sourcecode.swift; path = AppDelegate.swift; sourceTree = "<group>"; };
		8E1D0E862C0CCE0400C2BC5B /* SceneDelegate.swift */ = {isa = PBXFileReference; lastKnownFileType = sourcecode.swift; path = SceneDelegate.swift; sourceTree = "<group>"; };
		8E1D0E882C0CCE0400C2BC5B /* SearchForTicketsViewController.swift */ = {isa = PBXFileReference; lastKnownFileType = sourcecode.swift; path = SearchForTicketsViewController.swift; sourceTree = "<group>"; };
		8E1D0E8E2C0CCE0400C2BC5B /* SkyQuest.xcdatamodel */ = {isa = PBXFileReference; lastKnownFileType = wrapper.xcdatamodel; path = SkyQuest.xcdatamodel; sourceTree = "<group>"; };
		8E1D0E902C0CCE0900C2BC5B /* Assets.xcassets */ = {isa = PBXFileReference; lastKnownFileType = folder.assetcatalog; path = Assets.xcassets; sourceTree = "<group>"; };
		8E1D0E932C0CCE0900C2BC5B /* Base */ = {isa = PBXFileReference; lastKnownFileType = file.storyboard; name = Base; path = Base.lproj/LaunchScreen.storyboard; sourceTree = "<group>"; };
		8E1D0E952C0CCE0900C2BC5B /* Info.plist */ = {isa = PBXFileReference; lastKnownFileType = text.plist.xml; path = Info.plist; sourceTree = "<group>"; };
		8E1D0E9B2C0CDBAB00C2BC5B /* FavoritesViewController.swift */ = {isa = PBXFileReference; lastKnownFileType = sourcecode.swift; path = FavoritesViewController.swift; sourceTree = "<group>"; };
		8E1D0E9D2C0FACEA00C2BC5B /* FlightsModel.swift */ = {isa = PBXFileReference; lastKnownFileType = sourcecode.swift; path = FlightsModel.swift; sourceTree = "<group>"; };
		8E1D0E9F2C10F7A100C2BC5B /* NetworkManager.swift */ = {isa = PBXFileReference; lastKnownFileType = sourcecode.swift; path = NetworkManager.swift; sourceTree = "<group>"; };
		8E1D0EA12C12022B00C2BC5B /* FlightTableViewCell.swift */ = {isa = PBXFileReference; lastKnownFileType = sourcecode.swift; path = FlightTableViewCell.swift; sourceTree = "<group>"; };
		8E1D0EA32C12085000C2BC5B /* SearchResultsController.swift */ = {isa = PBXFileReference; lastKnownFileType = sourcecode.swift; path = SearchResultsController.swift; sourceTree = "<group>"; };
		8E1D0EA72C13514700C2BC5B /* DateTimeModel.swift */ = {isa = PBXFileReference; lastKnownFileType = sourcecode.swift; path = DateTimeModel.swift; sourceTree = "<group>"; };
		8E1D0EA92C17645600C2BC5B /* AeroportsCodes.swift */ = {isa = PBXFileReference; lastKnownFileType = sourcecode.swift; path = AeroportsCodes.swift; sourceTree = "<group>"; };
		8E1D0EB52C1B4CA600C2BC5B /* CoreDataManager.swift */ = {isa = PBXFileReference; lastKnownFileType = sourcecode.swift; path = CoreDataManager.swift; sourceTree = "<group>"; };
		8E1D0EB72C1B51A300C2BC5B /* FlightsInfoEntity+CoreDataClass.swift */ = {isa = PBXFileReference; lastKnownFileType = sourcecode.swift; path = "FlightsInfoEntity+CoreDataClass.swift"; sourceTree = SOURCE_ROOT; };
		8E1D0EB82C1B51A300C2BC5B /* FlightsInfoEntity+CoreDataProperties.swift */ = {isa = PBXFileReference; lastKnownFileType = sourcecode.swift; path = "FlightsInfoEntity+CoreDataProperties.swift"; sourceTree = SOURCE_ROOT; };
/* End PBXFileReference section */

/* Begin PBXFrameworksBuildPhase section */
		8E1D0E7E2C0CCE0400C2BC5B /* Frameworks */ = {
			isa = PBXFrameworksBuildPhase;
			buildActionMask = 2147483647;
			files = (
			);
			runOnlyForDeploymentPostprocessing = 0;
		};
/* End PBXFrameworksBuildPhase section */

/* Begin PBXGroup section */
		8E1D0E782C0CCE0400C2BC5B = {
			isa = PBXGroup;
			children = (
				8E1D0E832C0CCE0400C2BC5B /* SkyQuest */,
				8E1D0E822C0CCE0400C2BC5B /* Products */,
			);
			sourceTree = "<group>";
		};
		8E1D0E822C0CCE0400C2BC5B /* Products */ = {
			isa = PBXGroup;
			children = (
				8E1D0E812C0CCE0400C2BC5B /* SkyQuest.app */,
			);
			name = Products;
			sourceTree = "<group>";
		};
		8E1D0E832C0CCE0400C2BC5B /* SkyQuest */ = {
			isa = PBXGroup;
			children = (
				8E1D0EAF2C1B348C00C2BC5B /* SystemFiles */,
				8E1D0EAD2C1B32DA00C2BC5B /* ViewControllers */,
				8E1D0EAC2C1B30EF00C2BC5B /* Network */,
				8E1D0EAB2C1B30B100C2BC5B /* Models */,
				8E1D0EAE2C1B332100C2BC5B /* AeroportsCodes */,
				8E1D0EB02C1B3ADC00C2BC5B /* CoreData */,
				8E1D0E952C0CCE0900C2BC5B /* Info.plist */,
			);
			path = SkyQuest;
			sourceTree = "<group>";
		};
		8E1D0EAB2C1B30B100C2BC5B /* Models */ = {
			isa = PBXGroup;
			children = (
				8E1D0E9D2C0FACEA00C2BC5B /* FlightsModel.swift */,
				8E1D0EA72C13514700C2BC5B /* DateTimeModel.swift */,
			);
			path = Models;
			sourceTree = "<group>";
		};
		8E1D0EAC2C1B30EF00C2BC5B /* Network */ = {
			isa = PBXGroup;
			children = (
				8E1D0E9F2C10F7A100C2BC5B /* NetworkManager.swift */,
			);
			path = Network;
			sourceTree = "<group>";
		};
		8E1D0EAD2C1B32DA00C2BC5B /* ViewControllers */ = {
			isa = PBXGroup;
			children = (
				8E1D0E882C0CCE0400C2BC5B /* SearchForTicketsViewController.swift */,
				8E1D0EA32C12085000C2BC5B /* SearchResultsController.swift */,
				8E1D0EA12C12022B00C2BC5B /* FlightTableViewCell.swift */,
				8E1D0E9B2C0CDBAB00C2BC5B /* FavoritesViewController.swift */,
			);
			path = ViewControllers;
			sourceTree = "<group>";
		};
		8E1D0EAE2C1B332100C2BC5B /* AeroportsCodes */ = {
			isa = PBXGroup;
			children = (
				8E1D0EA92C17645600C2BC5B /* AeroportsCodes.swift */,
			);
			path = AeroportsCodes;
			sourceTree = "<group>";
		};
		8E1D0EAF2C1B348C00C2BC5B /* SystemFiles */ = {
			isa = PBXGroup;
			children = (
				8E1D0E842C0CCE0400C2BC5B /* AppDelegate.swift */,
				8E1D0E862C0CCE0400C2BC5B /* SceneDelegate.swift */,
				8E1D0E902C0CCE0900C2BC5B /* Assets.xcassets */,
				8E1D0E922C0CCE0900C2BC5B /* LaunchScreen.storyboard */,
				8E1D0E8D2C0CCE0400C2BC5B /* SkyQuest.xcdatamodeld */,
			);
			path = SystemFiles;
			sourceTree = "<group>";
		};
		8E1D0EB02C1B3ADC00C2BC5B /* CoreData */ = {
			isa = PBXGroup;
			children = (
				8E1D0EB52C1B4CA600C2BC5B /* CoreDataManager.swift */,
				8E1D0EB72C1B51A300C2BC5B /* FlightsInfoEntity+CoreDataClass.swift */,
				8E1D0EB82C1B51A300C2BC5B /* FlightsInfoEntity+CoreDataProperties.swift */,
			);
			path = CoreData;
			sourceTree = "<group>";
		};
/* End PBXGroup section */

/* Begin PBXNativeTarget section */
		8E1D0E802C0CCE0400C2BC5B /* SkyQuest */ = {
			isa = PBXNativeTarget;
			buildConfigurationList = 8E1D0E982C0CCE0900C2BC5B /* Build configuration list for PBXNativeTarget "SkyQuest" */;
			buildPhases = (
				8E1D0E7D2C0CCE0400C2BC5B /* Sources */,
				8E1D0E7E2C0CCE0400C2BC5B /* Frameworks */,
				8E1D0E7F2C0CCE0400C2BC5B /* Resources */,
			);
			buildRules = (
			);
			dependencies = (
			);
			name = SkyQuest;
			productName = SkyQuest;
			productReference = 8E1D0E812C0CCE0400C2BC5B /* SkyQuest.app */;
			productType = "com.apple.product-type.application";
		};
/* End PBXNativeTarget section */

/* Begin PBXProject section */
		8E1D0E792C0CCE0400C2BC5B /* Project object */ = {
			isa = PBXProject;
			attributes = {
				BuildIndependentTargetsInParallel = 1;
				LastSwiftUpdateCheck = 1520;
				LastUpgradeCheck = 1520;
				TargetAttributes = {
					8E1D0E802C0CCE0400C2BC5B = {
						CreatedOnToolsVersion = 15.2;
					};
				};
			};
			buildConfigurationList = 8E1D0E7C2C0CCE0400C2BC5B /* Build configuration list for PBXProject "SkyQuest" */;
			compatibilityVersion = "Xcode 14.0";
			developmentRegion = en;
			hasScannedForEncodings = 0;
			knownRegions = (
				en,
				Base,
			);
			mainGroup = 8E1D0E782C0CCE0400C2BC5B;
			productRefGroup = 8E1D0E822C0CCE0400C2BC5B /* Products */;
			projectDirPath = "";
			projectRoot = "";
			targets = (
				8E1D0E802C0CCE0400C2BC5B /* SkyQuest */,
			);
		};
/* End PBXProject section */

/* Begin PBXResourcesBuildPhase section */
		8E1D0E7F2C0CCE0400C2BC5B /* Resources */ = {
			isa = PBXResourcesBuildPhase;
			buildActionMask = 2147483647;
			files = (
				8E1D0E942C0CCE0900C2BC5B /* LaunchScreen.storyboard in Resources */,
				8E1D0E912C0CCE0900C2BC5B /* Assets.xcassets in Resources */,
			);
			runOnlyForDeploymentPostprocessing = 0;
		};
/* End PBXResourcesBuildPhase section */

/* Begin PBXSourcesBuildPhase section */
		8E1D0E7D2C0CCE0400C2BC5B /* Sources */ = {
			isa = PBXSourcesBuildPhase;
			buildActionMask = 2147483647;
			files = (
				8E1D0E892C0CCE0400C2BC5B /* SearchForTicketsViewController.swift in Sources */,
				8E1D0E852C0CCE0400C2BC5B /* AppDelegate.swift in Sources */,
				8E1D0E8F2C0CCE0400C2BC5B /* SkyQuest.xcdatamodeld in Sources */,
				8E1D0EB62C1B4CA600C2BC5B /* CoreDataManager.swift in Sources */,
				8E1D0EB92C1B51A300C2BC5B /* FlightsInfoEntity+CoreDataClass.swift in Sources */,
				8E1D0EA02C10F7A100C2BC5B /* NetworkManager.swift in Sources */,
				8E1D0EA42C12085000C2BC5B /* SearchResultsController.swift in Sources */,
				8E1D0E9E2C0FACEA00C2BC5B /* FlightsModel.swift in Sources */,
				8E1D0EA22C12022B00C2BC5B /* FlightTableViewCell.swift in Sources */,
				8E1D0E9C2C0CDBAB00C2BC5B /* FavoritesViewController.swift in Sources */,
				8E1D0EAA2C17645600C2BC5B /* AeroportsCodes.swift in Sources */,
				8E1D0E872C0CCE0400C2BC5B /* SceneDelegate.swift in Sources */,
				8E1D0EA82C13514700C2BC5B /* DateTimeModel.swift in Sources */,
				8E1D0EBA2C1B51A300C2BC5B /* FlightsInfoEntity+CoreDataProperties.swift in Sources */,
			);
			runOnlyForDeploymentPostprocessing = 0;
		};
/* End PBXSourcesBuildPhase section */

/* Begin PBXVariantGroup section */
		8E1D0E922C0CCE0900C2BC5B /* LaunchScreen.storyboard */ = {
			isa = PBXVariantGroup;
			children = (
				8E1D0E932C0CCE0900C2BC5B /* Base */,
			);
			name = LaunchScreen.storyboard;
			sourceTree = "<group>";
		};
/* End PBXVariantGroup section */

/* Begin XCBuildConfiguration section */
		8E1D0E962C0CCE0900C2BC5B /* Debug */ = {
			isa = XCBuildConfiguration;
			buildSettings = {
				ALWAYS_SEARCH_USER_PATHS = NO;
				ASSETCATALOG_COMPILER_GENERATE_SWIFT_ASSET_SYMBOL_EXTENSIONS = YES;
				CLANG_ANALYZER_NONNULL = YES;
				CLANG_ANALYZER_NUMBER_OBJECT_CONVERSION = YES_AGGRESSIVE;
				CLANG_CXX_LANGUAGE_STANDARD = "gnu++20";
				CLANG_ENABLE_MODULES = YES;
				CLANG_ENABLE_OBJC_ARC = YES;
				CLANG_ENABLE_OBJC_WEAK = YES;
				CLANG_WARN_BLOCK_CAPTURE_AUTORELEASING = YES;
				CLANG_WARN_BOOL_CONVERSION = YES;
				CLANG_WARN_COMMA = YES;
				CLANG_WARN_CONSTANT_CONVERSION = YES;
				CLANG_WARN_DEPRECATED_OBJC_IMPLEMENTATIONS = YES;
				CLANG_WARN_DIRECT_OBJC_ISA_USAGE = YES_ERROR;
				CLANG_WARN_DOCUMENTATION_COMMENTS = YES;
				CLANG_WARN_EMPTY_BODY = YES;
				CLANG_WARN_ENUM_CONVERSION = YES;
				CLANG_WARN_INFINITE_RECURSION = YES;
				CLANG_WARN_INT_CONVERSION = YES;
				CLANG_WARN_NON_LITERAL_NULL_CONVERSION = YES;
				CLANG_WARN_OBJC_IMPLICIT_RETAIN_SELF = YES;
				CLANG_WARN_OBJC_LITERAL_CONVERSION = YES;
				CLANG_WARN_OBJC_ROOT_CLASS = YES_ERROR;
				CLANG_WARN_QUOTED_INCLUDE_IN_FRAMEWORK_HEADER = YES;
				CLANG_WARN_RANGE_LOOP_ANALYSIS = YES;
				CLANG_WARN_STRICT_PROTOTYPES = YES;
				CLANG_WARN_SUSPICIOUS_MOVE = YES;
				CLANG_WARN_UNGUARDED_AVAILABILITY = YES_AGGRESSIVE;
				CLANG_WARN_UNREACHABLE_CODE = YES;
				CLANG_WARN__DUPLICATE_METHOD_MATCH = YES;
				COPY_PHASE_STRIP = NO;
				DEBUG_INFORMATION_FORMAT = dwarf;
				ENABLE_STRICT_OBJC_MSGSEND = YES;
				ENABLE_TESTABILITY = YES;
				ENABLE_USER_SCRIPT_SANDBOXING = YES;
				GCC_C_LANGUAGE_STANDARD = gnu17;
				GCC_DYNAMIC_NO_PIC = NO;
				GCC_NO_COMMON_BLOCKS = YES;
				GCC_OPTIMIZATION_LEVEL = 0;
				GCC_PREPROCESSOR_DEFINITIONS = (
					"DEBUG=1",
					"$(inherited)",
				);
				GCC_WARN_64_TO_32_BIT_CONVERSION = YES;
				GCC_WARN_ABOUT_RETURN_TYPE = YES_ERROR;
				GCC_WARN_UNDECLARED_SELECTOR = YES;
				GCC_WARN_UNINITIALIZED_AUTOS = YES_AGGRESSIVE;
				GCC_WARN_UNUSED_FUNCTION = YES;
				GCC_WARN_UNUSED_VARIABLE = YES;
				IPHONEOS_DEPLOYMENT_TARGET = 17.2;
				LOCALIZATION_PREFERS_STRING_CATALOGS = YES;
				MTL_ENABLE_DEBUG_INFO = INCLUDE_SOURCE;
				MTL_FAST_MATH = YES;
				ONLY_ACTIVE_ARCH = YES;
				SDKROOT = iphoneos;
				SWIFT_ACTIVE_COMPILATION_CONDITIONS = "DEBUG $(inherited)";
				SWIFT_OPTIMIZATION_LEVEL = "-Onone";
			};
			name = Debug;
		};
		8E1D0E972C0CCE0900C2BC5B /* Release */ = {
			isa = XCBuildConfiguration;
			buildSettings = {
				ALWAYS_SEARCH_USER_PATHS = NO;
				ASSETCATALOG_COMPILER_GENERATE_SWIFT_ASSET_SYMBOL_EXTENSIONS = YES;
				CLANG_ANALYZER_NONNULL = YES;
				CLANG_ANALYZER_NUMBER_OBJECT_CONVERSION = YES_AGGRESSIVE;
				CLANG_CXX_LANGUAGE_STANDARD = "gnu++20";
				CLANG_ENABLE_MODULES = YES;
				CLANG_ENABLE_OBJC_ARC = YES;
				CLANG_ENABLE_OBJC_WEAK = YES;
				CLANG_WARN_BLOCK_CAPTURE_AUTORELEASING = YES;
				CLANG_WARN_BOOL_CONVERSION = YES;
				CLANG_WARN_COMMA = YES;
				CLANG_WARN_CONSTANT_CONVERSION = YES;
				CLANG_WARN_DEPRECATED_OBJC_IMPLEMENTATIONS = YES;
				CLANG_WARN_DIRECT_OBJC_ISA_USAGE = YES_ERROR;
				CLANG_WARN_DOCUMENTATION_COMMENTS = YES;
				CLANG_WARN_EMPTY_BODY = YES;
				CLANG_WARN_ENUM_CONVERSION = YES;
				CLANG_WARN_INFINITE_RECURSION = YES;
				CLANG_WARN_INT_CONVERSION = YES;
				CLANG_WARN_NON_LITERAL_NULL_CONVERSION = YES;
				CLANG_WARN_OBJC_IMPLICIT_RETAIN_SELF = YES;
				CLANG_WARN_OBJC_LITERAL_CONVERSION = YES;
				CLANG_WARN_OBJC_ROOT_CLASS = YES_ERROR;
				CLANG_WARN_QUOTED_INCLUDE_IN_FRAMEWORK_HEADER = YES;
				CLANG_WARN_RANGE_LOOP_ANALYSIS = YES;
				CLANG_WARN_STRICT_PROTOTYPES = YES;
				CLANG_WARN_SUSPICIOUS_MOVE = YES;
				CLANG_WARN_UNGUARDED_AVAILABILITY = YES_AGGRESSIVE;
				CLANG_WARN_UNREACHABLE_CODE = YES;
				CLANG_WARN__DUPLICATE_METHOD_MATCH = YES;
				COPY_PHASE_STRIP = NO;
				DEBUG_INFORMATION_FORMAT = "dwarf-with-dsym";
				ENABLE_NS_ASSERTIONS = NO;
				ENABLE_STRICT_OBJC_MSGSEND = YES;
				ENABLE_USER_SCRIPT_SANDBOXING = YES;
				GCC_C_LANGUAGE_STANDARD = gnu17;
				GCC_NO_COMMON_BLOCKS = YES;
				GCC_WARN_64_TO_32_BIT_CONVERSION = YES;
				GCC_WARN_ABOUT_RETURN_TYPE = YES_ERROR;
				GCC_WARN_UNDECLARED_SELECTOR = YES;
				GCC_WARN_UNINITIALIZED_AUTOS = YES_AGGRESSIVE;
				GCC_WARN_UNUSED_FUNCTION = YES;
				GCC_WARN_UNUSED_VARIABLE = YES;
				IPHONEOS_DEPLOYMENT_TARGET = 17.2;
				LOCALIZATION_PREFERS_STRING_CATALOGS = YES;
				MTL_ENABLE_DEBUG_INFO = NO;
				MTL_FAST_MATH = YES;
				SDKROOT = iphoneos;
				SWIFT_COMPILATION_MODE = wholemodule;
				VALIDATE_PRODUCT = YES;
			};
			name = Release;
		};
		8E1D0E992C0CCE0900C2BC5B /* Debug */ = {
			isa = XCBuildConfiguration;
			buildSettings = {
				ASSETCATALOG_COMPILER_APPICON_NAME = AppIcon;
				ASSETCATALOG_COMPILER_GLOBAL_ACCENT_COLOR_NAME = AccentColor;
				CODE_SIGN_STYLE = Automatic;
				CURRENT_PROJECT_VERSION = 1;
				DEVELOPMENT_TEAM = PRBS29X52L;
				GENERATE_INFOPLIST_FILE = YES;
				INFOPLIST_FILE = SkyQuest/Info.plist;
				INFOPLIST_KEY_UIApplicationSupportsIndirectInputEvents = YES;
				INFOPLIST_KEY_UILaunchStoryboardName = LaunchScreen;
				INFOPLIST_KEY_UISupportedInterfaceOrientations_iPad = "UIInterfaceOrientationPortrait UIInterfaceOrientationPortraitUpsideDown UIInterfaceOrientationLandscapeLeft UIInterfaceOrientationLandscapeRight";
				INFOPLIST_KEY_UISupportedInterfaceOrientations_iPhone = "UIInterfaceOrientationPortrait UIInterfaceOrientationLandscapeLeft UIInterfaceOrientationLandscapeRight";
				LD_RUNPATH_SEARCH_PATHS = (
					"$(inherited)",
					"@executable_path/Frameworks",
				);
				MARKETING_VERSION = 1.0;
				PRODUCT_BUNDLE_IDENTIFIER = Home.SkyQuest;
				PRODUCT_NAME = "$(TARGET_NAME)";
				SWIFT_EMIT_LOC_STRINGS = YES;
				SWIFT_VERSION = 5.0;
				TARGETED_DEVICE_FAMILY = "1,2";
			};
			name = Debug;
		};
		8E1D0E9A2C0CCE0900C2BC5B /* Release */ = {
			isa = XCBuildConfiguration;
			buildSettings = {
				ASSETCATALOG_COMPILER_APPICON_NAME = AppIcon;
				ASSETCATALOG_COMPILER_GLOBAL_ACCENT_COLOR_NAME = AccentColor;
				CODE_SIGN_STYLE = Automatic;
				CURRENT_PROJECT_VERSION = 1;
				DEVELOPMENT_TEAM = PRBS29X52L;
				GENERATE_INFOPLIST_FILE = YES;
				INFOPLIST_FILE = SkyQuest/Info.plist;
				INFOPLIST_KEY_UIApplicationSupportsIndirectInputEvents = YES;
				INFOPLIST_KEY_UILaunchStoryboardName = LaunchScreen;
				INFOPLIST_KEY_UISupportedInterfaceOrientations_iPad = "UIInterfaceOrientationPortrait UIInterfaceOrientationPortraitUpsideDown UIInterfaceOrientationLandscapeLeft UIInterfaceOrientationLandscapeRight";
				INFOPLIST_KEY_UISupportedInterfaceOrientations_iPhone = "UIInterfaceOrientationPortrait UIInterfaceOrientationLandscapeLeft UIInterfaceOrientationLandscapeRight";
				LD_RUNPATH_SEARCH_PATHS = (
					"$(inherited)",
					"@executable_path/Frameworks",
				);
				MARKETING_VERSION = 1.0;
				PRODUCT_BUNDLE_IDENTIFIER = Home.SkyQuest;
				PRODUCT_NAME = "$(TARGET_NAME)";
				SWIFT_EMIT_LOC_STRINGS = YES;
				SWIFT_VERSION = 5.0;
				TARGETED_DEVICE_FAMILY = "1,2";
			};
			name = Release;
		};
/* End XCBuildConfiguration section */

/* Begin XCConfigurationList section */
		8E1D0E7C2C0CCE0400C2BC5B /* Build configuration list for PBXProject "SkyQuest" */ = {
			isa = XCConfigurationList;
			buildConfigurations = (
				8E1D0E962C0CCE0900C2BC5B /* Debug */,
				8E1D0E972C0CCE0900C2BC5B /* Release */,
			);
			defaultConfigurationIsVisible = 0;
			defaultConfigurationName = Release;
		};
		8E1D0E982C0CCE0900C2BC5B /* Build configuration list for PBXNativeTarget "SkyQuest" */ = {
			isa = XCConfigurationList;
			buildConfigurations = (
				8E1D0E992C0CCE0900C2BC5B /* Debug */,
				8E1D0E9A2C0CCE0900C2BC5B /* Release */,
			);
			defaultConfigurationIsVisible = 0;
			defaultConfigurationName = Release;
		};
/* End XCConfigurationList section */

/* Begin XCVersionGroup section */
		8E1D0E8D2C0CCE0400C2BC5B /* SkyQuest.xcdatamodeld */ = {
			isa = XCVersionGroup;
			children = (
				8E1D0E8E2C0CCE0400C2BC5B /* SkyQuest.xcdatamodel */,
			);
			currentVersion = 8E1D0E8E2C0CCE0400C2BC5B /* SkyQuest.xcdatamodel */;
			path = SkyQuest.xcdatamodeld;
			sourceTree = "<group>";
			versionGroupType = wrapper.xcdatamodel;
		};
/* End XCVersionGroup section */
	};
	rootObject = 8E1D0E792C0CCE0400C2BC5B /* Project object */;
}
